
Microsoft Visual Studio Solution File, Format Version 12.00
# Visual Studio Version 17
VisualStudioVersion = 17.5.33424.131
MinimumVisualStudioVersion = 10.0.40219.1
Project("{888888A0-9F3D-457C-B088-3A5042F75D52}") = "src", "src.pyproj", "{529B23FC-D9A5-41B8-820C-3B300C01D7E5}"
EndProject
Global
	GlobalSection(SolutionConfigurationPlatforms) = preSolution
		Debug|Any CPU = Debug|Any CPU
		Release|Any CPU = Release|Any CPU
	EndGlobalSection
	GlobalSection(ProjectConfigurationPlatforms) = postSolution
		{529B23FC-D9A5-41B8-820C-3B300C01D7E5}.Debug|Any CPU.ActiveCfg = Debug|Any CPU
		{529B23FC-D9A5-41B8-820C-3B300C01D7E5}.Release|Any CPU.ActiveCfg = Release|Any CPU
	EndGlobalSection
	GlobalSection(SolutionProperties) = preSolution
		HideSolutionNode = FALSE
	EndGlobalSection
	GlobalSection(ExtensibilityGlobals) = postSolution
		SolutionGuid = {80BE6E1B-9253-4B99-A2BD-F69DC0DF00F6}
	EndGlobalSection
EndGlobal
